
Microsoft Visual Studio Solution File, Format Version 12.00
# Visual Studio Version 17
VisualStudioVersion = 17.0.31903.59
MinimumVisualStudioVersion = 10.0.40219.1
Project("{2150E333-8FDC-42A3-9474-1A3956D46DE8}") = "src", "src", "{827E0CD3-B72D-47B6-A68D-7590B98EB39B}"
EndProject
Project("{2150E333-8FDC-42A3-9474-1A3956D46DE8}") = "Host", "Host", "{981C2CF6-E5BB-602A-511C-234B538302B0}"
EndProject
Project("{FAE04EC0-301F-11D3-BF4B-00C04F79EFBC}") = "Toolkit.Common", "src\Host\Toolkit.Common\Toolkit.Common.csproj", "{3233E5E0-9396-4F7E-A09E-99ADA81BD903}"
EndProject
Project("{FAE04EC0-301F-11D3-BF4B-00C04F79EFBC}") = "Toolkit.Runner", "src\Host\Toolkit.Runner\Toolkit.Runner.csproj", "{8632C10C-5981-4EF2-81D8-C31097BCA9D3}"
EndProject
Project("{2150E333-8FDC-42A3-9474-1A3956D46DE8}") = "Modules", "Modules", "{EC447DCF-ABFA-6E24-52A5-D7FD48A5C558}"
EndProject
Project("{FAE04EC0-301F-11D3-BF4B-00C04F79EFBC}") = "MonitorArrangement", "src\Modules\MonitorArrangement\MonitorArrangement.csproj", "{093705FD-A94C-4296-BADE-A0DACCABBB1E}"
EndProject
Project("{FAE04EC0-301F-11D3-BF4B-00C04F79EFBC}") = "TaskbarManager", "src\Modules\TaskbarManager\TaskbarManager.csproj", "{E94C801E-7F1A-4412-B453-2B96DEDD2C18}"
EndProject
Project("{2150E333-8FDC-42A3-9474-1A3956D46DE8}") = "AnimatedWallpaper", "AnimatedWallpaper", "{B3B9BA5B-7C15-B019-4312-DE4AC0D923AB}"
EndProject
Project("{FAE04EC0-301F-11D3-BF4B-00C04F79EFBC}") = "AnimatedDesktopBackground", "src\Modules\AnimatedWallpaper\AnimatedDesktopBackground.csproj", "{62484D77-9632-4C25-AD78-632098578E82}"
EndProject
Global
	GlobalSection(SolutionConfigurationPlatforms) = preSolution
		Debug|Any CPU = Debug|Any CPU
		Debug|x64 = Debug|x64
		Debug|x86 = Debug|x86
		Release|Any CPU = Release|Any CPU
		Release|x64 = Release|x64
		Release|x86 = Release|x86
	EndGlobalSection
	GlobalSection(ProjectConfigurationPlatforms) = postSolution
		{3233E5E0-9396-4F7E-A09E-99ADA81BD903}.Debug|Any CPU.ActiveCfg = Debug|Any CPU
		{3233E5E0-9396-4F7E-A09E-99ADA81BD903}.Debug|Any CPU.Build.0 = Debug|Any CPU
		{3233E5E0-9396-4F7E-A09E-99ADA81BD903}.Debug|x64.ActiveCfg = Debug|Any CPU
		{3233E5E0-9396-4F7E-A09E-99ADA81BD903}.Debug|x64.Build.0 = Debug|Any CPU
		{3233E5E0-9396-4F7E-A09E-99ADA81BD903}.Debug|x86.ActiveCfg = Debug|Any CPU
		{3233E5E0-9396-4F7E-A09E-99ADA81BD903}.Debug|x86.Build.0 = Debug|Any CPU
		{3233E5E0-9396-4F7E-A09E-99ADA81BD903}.Release|Any CPU.ActiveCfg = Release|Any CPU
		{3233E5E0-9396-4F7E-A09E-99ADA81BD903}.Release|Any CPU.Build.0 = Release|Any CPU
		{3233E5E0-9396-4F7E-A09E-99ADA81BD903}.Release|x64.ActiveCfg = Release|Any CPU
		{3233E5E0-9396-4F7E-A09E-99ADA81BD903}.Release|x64.Build.0 = Release|Any CPU
		{3233E5E0-9396-4F7E-A09E-99ADA81BD903}.Release|x86.ActiveCfg = Release|Any CPU
		{3233E5E0-9396-4F7E-A09E-99ADA81BD903}.Release|x86.Build.0 = Release|Any CPU
		{8632C10C-5981-4EF2-81D8-C31097BCA9D3}.Debug|Any CPU.ActiveCfg = Debug|Any CPU
		{8632C10C-5981-4EF2-81D8-C31097BCA9D3}.Debug|Any CPU.Build.0 = Debug|Any CPU
		{8632C10C-5981-4EF2-81D8-C31097BCA9D3}.Debug|x64.ActiveCfg = Debug|Any CPU
		{8632C10C-5981-4EF2-81D8-C31097BCA9D3}.Debug|x64.Build.0 = Debug|Any CPU
		{8632C10C-5981-4EF2-81D8-C31097BCA9D3}.Debug|x86.ActiveCfg = Debug|Any CPU
		{8632C10C-5981-4EF2-81D8-C31097BCA9D3}.Debug|x86.Build.0 = Debug|Any CPU
		{8632C10C-5981-4EF2-81D8-C31097BCA9D3}.Release|Any CPU.ActiveCfg = Release|Any CPU
		{8632C10C-5981-4EF2-81D8-C31097BCA9D3}.Release|Any CPU.Build.0 = Release|Any CPU
		{8632C10C-5981-4EF2-81D8-C31097BCA9D3}.Release|x64.ActiveCfg = Release|Any CPU
		{8632C10C-5981-4EF2-81D8-C31097BCA9D3}.Release|x64.Build.0 = Release|Any CPU
		{8632C10C-5981-4EF2-81D8-C31097BCA9D3}.Release|x86.ActiveCfg = Release|Any CPU
		{8632C10C-5981-4EF2-81D8-C31097BCA9D3}.Release|x86.Build.0 = Release|Any CPU
		{093705FD-A94C-4296-BADE-A0DACCABBB1E}.Debug|Any CPU.ActiveCfg = Debug|Any CPU
		{093705FD-A94C-4296-BADE-A0DACCABBB1E}.Debug|Any CPU.Build.0 = Debug|Any CPU
		{093705FD-A94C-4296-BADE-A0DACCABBB1E}.Debug|x64.ActiveCfg = Debug|Any CPU
		{093705FD-A94C-4296-BADE-A0DACCABBB1E}.Debug|x64.Build.0 = Debug|Any CPU
		{093705FD-A94C-4296-BADE-A0DACCABBB1E}.Debug|x86.ActiveCfg = Debug|Any CPU
		{093705FD-A94C-4296-BADE-A0DACCABBB1E}.Debug|x86.Build.0 = Debug|Any CPU
		{093705FD-A94C-4296-BADE-A0DACCABBB1E}.Release|Any CPU.ActiveCfg = Release|Any CPU
		{093705FD-A94C-4296-BADE-A0DACCABBB1E}.Release|Any CPU.Build.0 = Release|Any CPU
		{093705FD-A94C-4296-BADE-A0DACCABBB1E}.Release|x64.ActiveCfg = Release|Any CPU
		{093705FD-A94C-4296-BADE-A0DACCABBB1E}.Release|x64.Build.0 = Release|Any CPU
		{093705FD-A94C-4296-BADE-A0DACCABBB1E}.Release|x86.ActiveCfg = Release|Any CPU
		{093705FD-A94C-4296-BADE-A0DACCABBB1E}.Release|x86.Build.0 = Release|Any CPU
		{E94C801E-7F1A-4412-B453-2B96DEDD2C18}.Debug|Any CPU.ActiveCfg = Debug|Any CPU
		{E94C801E-7F1A-4412-B453-2B96DEDD2C18}.Debug|Any CPU.Build.0 = Debug|Any CPU
		{E94C801E-7F1A-4412-B453-2B96DEDD2C18}.Debug|x64.ActiveCfg = Debug|Any CPU
		{E94C801E-7F1A-4412-B453-2B96DEDD2C18}.Debug|x64.Build.0 = Debug|Any CPU
		{E94C801E-7F1A-4412-B453-2B96DEDD2C18}.Debug|x86.ActiveCfg = Debug|Any CPU
		{E94C801E-7F1A-4412-B453-2B96DEDD2C18}.Debug|x86.Build.0 = Debug|Any CPU
		{E94C801E-7F1A-4412-B453-2B96DEDD2C18}.Release|Any CPU.ActiveCfg = Release|Any CPU
		{E94C801E-7F1A-4412-B453-2B96DEDD2C18}.Release|Any CPU.Build.0 = Release|Any CPU
		{E94C801E-7F1A-4412-B453-2B96DEDD2C18}.Release|x64.ActiveCfg = Release|Any CPU
		{E94C801E-7F1A-4412-B453-2B96DEDD2C18}.Release|x64.Build.0 = Release|Any CPU
		{E94C801E-7F1A-4412-B453-2B96DEDD2C18}.Release|x86.ActiveCfg = Release|Any CPU
		{E94C801E-7F1A-4412-B453-2B96DEDD2C18}.Release|x86.Build.0 = Release|Any CPU
		{62484D77-9632-4C25-AD78-632098578E82}.Debug|Any CPU.ActiveCfg = Debug|Any CPU
		{62484D77-9632-4C25-AD78-632098578E82}.Debug|Any CPU.Build.0 = Debug|Any CPU
		{62484D77-9632-4C25-AD78-632098578E82}.Debug|x64.ActiveCfg = Debug|Any CPU
		{62484D77-9632-4C25-AD78-632098578E82}.Debug|x64.Build.0 = Debug|Any CPU
		{62484D77-9632-4C25-AD78-632098578E82}.Debug|x86.ActiveCfg = Debug|Any CPU
		{62484D77-9632-4C25-AD78-632098578E82}.Debug|x86.Build.0 = Debug|Any CPU
		{62484D77-9632-4C25-AD78-632098578E82}.Release|Any CPU.ActiveCfg = Release|Any CPU
		{62484D77-9632-4C25-AD78-632098578E82}.Release|Any CPU.Build.0 = Release|Any CPU
		{62484D77-9632-4C25-AD78-632098578E82}.Release|x64.ActiveCfg = Release|Any CPU
		{62484D77-9632-4C25-AD78-632098578E82}.Release|x64.Build.0 = Release|Any CPU
		{62484D77-9632-4C25-AD78-632098578E82}.Release|x86.ActiveCfg = Release|Any CPU
		{62484D77-9632-4C25-AD78-632098578E82}.Release|x86.Build.0 = Release|Any CPU
	EndGlobalSection
	GlobalSection(SolutionProperties) = preSolution
		HideSolutionNode = FALSE
	EndGlobalSection
	GlobalSection(NestedProjects) = preSolution
		{981C2CF6-E5BB-602A-511C-234B538302B0} = {827E0CD3-B72D-47B6-A68D-7590B98EB39B}
		{3233E5E0-9396-4F7E-A09E-99ADA81BD903} = {981C2CF6-E5BB-602A-511C-234B538302B0}
		{8632C10C-5981-4EF2-81D8-C31097BCA9D3} = {981C2CF6-E5BB-602A-511C-234B538302B0}
		{EC447DCF-ABFA-6E24-52A5-D7FD48A5C558} = {827E0CD3-B72D-47B6-A68D-7590B98EB39B}
		{093705FD-A94C-4296-BADE-A0DACCABBB1E} = {EC447DCF-ABFA-6E24-52A5-D7FD48A5C558}
		{E94C801E-7F1A-4412-B453-2B96DEDD2C18} = {EC447DCF-ABFA-6E24-52A5-D7FD48A5C558}
		{B3B9BA5B-7C15-B019-4312-DE4AC0D923AB} = {EC447DCF-ABFA-6E24-52A5-D7FD48A5C558}
		{62484D77-9632-4C25-AD78-632098578E82} = {B3B9BA5B-7C15-B019-4312-DE4AC0D923AB}
	EndGlobalSection
EndGlobal
